github.com/FortAwesome/Font-Awesome v0.0.0-20210316185733-d79d85c3fad8 h1:3h1ZlZmKNqZtiTD6FF7GijnIB/PU9/jR+dclHF80pFE=
github.com/FortAwesome/Font-Awesome v0.0.0-20210316185733-d79d85c3fad8/go.mod h1:IUgezN/MFpCDIlFezw3L8j83oeiIuYoj28Miwr/KUYo=
github.com/Templarian/MaterialDesign-SVG v7.4.47+incompatible h1:w99yYrLvkTj5A9Dxd8mzNoFQpOBx9aRS03RrrqjzLuw=
github.com/Templarian/MaterialDesign-SVG v7.4.47+incompatible/go.mod h1:SRSiaLOZazGp4UpKPQRm37h4A3cKLHXaybAqaJ7Lfx8=
github.com/hugo-mods/icons v0.0.0-20220508080705-d938a1900b1c h1:BHTy85KaX2uQnC+1i5NRVAxiJNOwpIwQXlY/zpLD6zA=
github.com/hugo-mods/icons v0.0.0-20220508080705-d938a1900b1c/go.mod h1:sPodUyqumOYz75PKIwmqOYZXLIcLAujn7V9+1Hk4VW8=
github.com/hugomods/icons v0.6.4 h1:SeDMpN2kjc8mbuXfi8zED4IN5IGZmqJdmmUQr9tIpxw=
github.com/hugomods/icons v0.6.4/go.mod h1:cIkSvK6W0q6N4U6n9KGz+QfRWQXAW0INd+1P31gPNGg=
github.com/hugomods/icons/vendors/lucide v0.3.38 h1:Tgd7ukLN41MSEsYOHJfkHp9Uyn9zH3r8GqC5HycNAk4=
github.com/hugomods/icons/vendors/lucide v0.3.38/go.mod h1:SE34c2Z0QmYILU9gKRyU++s7Tra8datrpuVQaClX3so=
github.com/hugomods/icons/vendors/mdi v0.3.6 h1:CGMCi7aEHKBOYMdyKJF8FmEt1+9vV5Hvptp3qHY25Bo=
github.com/hugomods/icons/vendors/mdi v0.3.6/go.mod h1:XDQZ9k0Xmxy6Xh7idvjUkfb5DhDJmQPHCavlRHymSg8=
github.com/hugomods/lucide-icons v0.331.0 h1:DsQXjp+n2ymvpeWS7Lu7os51lxygsdr7ysu0H5PrDXM=
github.com/hugomods/lucide-icons v0.331.0/go.mod h1:7loUmJrnD5umJ2sWSCb3AffZt0fYnSc1I+yBRjgHgw8=
